github.com/davecgh/go-spew v1.1.1 h1:vj9j/u1bqnvCEfJOwUhtlOARqs3+rkHYY13jYWTU97c=
github.com/davecgh/go-spew v1.1.1/go.mod h1:J7Y8YcW2NihsgmVo/mv3lAwl/skON4iLHjSsI+c5H38=
github.com/google/go-cmp v0.7.0 h1:wk8382ETsv4JYUZwIsn6YpYiWiBsYLSJiTsyBybVuN8=
github.com/google/go-cmp v0.7.0/go.mod h1:pXiqmnSA92OHEEa9HXL2W4E7lf9JzCmGVUdgjX3N/iU=
github.com/pmezard/go-difflib v1.0.0 h1:4DBwDE0NGyQoBHbLQYPwSUPoCMWR5BEzIk/f1lZbAQM=
github.com/pmezard/go-difflib v1.0.0/go.mod h1:iKH77koFhYxTK1pcRnkKkqfTogsbg7gZNVY4sRDYZ/4=
github.com/stretchr/testify v1.11.1 h1:7s2iGBzp5EwR7/aIZr8ao5+dra3wiQyKjjFuvgVKu7U=
github.com/stretchr/testify v1.11.1/go.mod h1:wZwfW3scLgRK+23gO65QZefKpKQRnfz6sD981Nm4B6U=
golang.org/x/exp/event v0.0.0-20260312153236-7ab1446f8b90 h1:VIKxsuSw/bPhvjnuIZPuMSWDEDvHGAmMytHXdtWuO68=
golang.org/x/exp/event v0.0.0-20260312153236-7ab1446f8b90/go.mod h1:fkoWXYWD397AL2Y3xF7vvyrz6dhJ5rDRrKMZvfnrM3o=
golang.org/x/exp/jsonrpc2 v0.0.0-20260312153236-7ab1446f8b90 h1:ZSVx0FLnqokxVmsLFIMFsZOEYLdTyYwglJK+9zIbFf0=
golang.org/x/exp/jsonrpc2 v0.0.0-20260312153236-7ab1446f8b90/go.mod h1:+GdyqbSI5GY54rxhZpMa6mqElFf3MD/1/sPIK1R6umY=
golang.org/x/xerrors v0.0.0-20240903120638-7835f813f4da h1:noIWHXmPHxILtqtCOPIhSt0ABwskkZKjD3bXGnZGpNY=
golang.org/x/xerrors v0.0.0-20240903120638-7835f813f4da/go.mod h1:NDW/Ps6MPRej6fsCIbMTohpP40sJ/P/vI1MoTEGwX90=
gopkg.in/check.v1 v0.0.0-20161208181325-20d25e280405 h1:yhCVgyC4o1eVCa2tZl7eS0r+SDo693bJlVdllGtEeKM=
gopkg.in/check.v1 v0.0.0-20161208181325-20d25e280405/go.mod h1:Co6ibVJAznAaIkqp8huTwlJQCZ016jof/cbN4VW5Yz0=
gopkg.in/yaml.v3 v3.0.1 h1:fxVm/GzAzEWqLHuvctI91KS9hhNmmWOoWu0XTYJS7CA=
gopkg.in/yaml.v3 v3.0.1/go.mod h1:K4uyk7z7BCEPqu6E+C64Yfv1cQ7kz7rIZviUmN+EgEM=
typefox.dev/lsp v0.0.3 h1:VpYLKK8KoP5wdeeg1oNqgfGS9nx28GlIn5bcnNG6IG8=
typefox.dev/lsp v0.0.3/go.mod h1:MQ6ZIFd9xDC+jrSzj5XYTfAvFrAM5l/3BossgTTpwPg=
typefox.dev/lsp v0.0.4 h1:QCnsa4Y8E2kPBhDlVuqJba82gXACgOGjTLEXb7mFISI=
typefox.dev/lsp v0.0.4/go.mod h1:MQ6ZIFd9xDC+jrSzj5XYTfAvFrAM5l/3BossgTTpwPg=
