github.com/TypeFox/go-lsp v0.0.1 h1:cHxiAnIY5KnoIG+5rjmlT1bAMIDKlp9FtJmsU8aE4U4=
github.com/TypeFox/go-lsp v0.0.1/go.mod h1:al1KGmR7t61zNEqZOQ+fP5s0KBG/aVPlg8pj6xG5jlo=
github.com/davecgh/go-spew v1.1.1 h1:vj9j/u1bqnvCEfJOwUhtlOARqs3+rkHYY13jYWTU97c=
github.com/davecgh/go-spew v1.1.1/go.mod h1:J7Y8YcW2NihsgmVo/mv3lAwl/skON4iLHjSsI+c5H38=
github.com/google/go-cmp v0.7.0 h1:wk8382ETsv4JYUZwIsn6YpYiWiBsYLSJiTsyBybVuN8=
github.com/google/go-cmp v0.7.0/go.mod h1:pXiqmnSA92OHEEa9HXL2W4E7lf9JzCmGVUdgjX3N/iU=
github.com/pmezard/go-difflib v1.0.0 h1:4DBwDE0NGyQoBHbLQYPwSUPoCMWR5BEzIk/f1lZbAQM=
github.com/pmezard/go-difflib v1.0.0/go.mod h1:iKH77koFhYxTK1pcRnkKkqfTogsbg7gZNVY4sRDYZ/4=
github.com/stretchr/testify v1.11.1 h1:7s2iGBzp5EwR7/aIZr8ao5+dra3wiQyKjjFuvgVKu7U=
github.com/stretchr/testify v1.11.1/go.mod h1:wZwfW3scLgRK+23gO65QZefKpKQRnfz6sD981Nm4B6U=
golang.org/x/exp/event v0.0.0-20250620022241-b7579e27df2b h1:FtazvyyEtVgN+BG5aSkkjNGUWZu9Q/zS/iAco5uAiLc=
golang.org/x/exp/event v0.0.0-20250620022241-b7579e27df2b/go.mod h1:udw/aN1bTuThf1ISB3S96VHoY1PwY5hrk/e7w5O5DRs=
golang.org/x/exp/jsonrpc2 v0.0.0-20250718183923-645b1fa84792 h1:RMCTa3JWNPyp5hSM8prMNG44vZKCFfck2jHa3+qQtV4=
golang.org/x/exp/jsonrpc2 v0.0.0-20250718183923-645b1fa84792/go.mod h1:8vPx7pTiZoPAeFCkpxohawtNPPpl8NAO70z3MTVo4Ho=
golang.org/x/xerrors v0.0.0-20240903120638-7835f813f4da h1:noIWHXmPHxILtqtCOPIhSt0ABwskkZKjD3bXGnZGpNY=
golang.org/x/xerrors v0.0.0-20240903120638-7835f813f4da/go.mod h1:NDW/Ps6MPRej6fsCIbMTohpP40sJ/P/vI1MoTEGwX90=
gopkg.in/check.v1 v0.0.0-20161208181325-20d25e280405/go.mod h1:Co6ibVJAznAaIkqp8huTwlJQCZ016jof/cbN4VW5Yz0=
gopkg.in/yaml.v3 v3.0.1 h1:fxVm/GzAzEWqLHuvctI91KS9hhNmmWOoWu0XTYJS7CA=
gopkg.in/yaml.v3 v3.0.1/go.mod h1:K4uyk7z7BCEPqu6E+C64Yfv1cQ7kz7rIZviUmN+EgEM=
